// !$*UTF8*$!
{
	archiveVersion = 1;
	classes = {
	};
	objectVersion = 42;
	objects = {

/* Begin PBXBuildFile section */
		06FDA73BCC0C3FFEBBBDC9AF /* QtTest in Frameworks & Libraries */ = {isa = PBXBuildFile; fileRef = 8B486B0BE7047F2ED0568164 /* QtTest */; };
		1C6CE0E8F3A084AACC7DC17B /* moc_TestGearMaker.cpp in Build Sources */ = {isa = PBXBuildFile; fileRef = D031032514A4E23571B371D9 /* moc_TestGearMaker.cpp */; settings = {ATTRIBUTES = (); }; };
		304CF9C1638BF566D2E824A5 /* moc_TestSchema.cpp in Build Sources */ = {isa = PBXBuildFile; fileRef = C6EE79D37847C8EAB0A647CB /* moc_TestSchema.cpp */; settings = {ATTRIBUTES = (); }; };
		42240D15D5F696B10049B01F /* Carbon in Frameworks & Libraries */ = {isa = PBXBuildFile; fileRef = C126A8E323E8FE5110550D75 /* Carbon */; };
		6B0719CE6C16073ED707BABF /* testcore.cpp in Build Sources */ = {isa = PBXBuildFile; fileRef = FFE4A0582AD1DBB47D29288C /* testcore.cpp */; settings = {ATTRIBUTES = (); }; };
		7E10B76B0968405D00EDE2D4 /* testcore in Project Copy */ = {isa = PBXBuildFile; fileRef = 7E10B7680968405D00EDE2D4 /* testcore */; };
		A0D19B91750283ABC18FE226 /* moc_TestGearInfo.cpp in Build Sources */ = {isa = PBXBuildFile; fileRef = EFAFAB87FB336A12A042C782 /* moc_TestGearInfo.cpp */; settings = {ATTRIBUTES = (); }; };
		B2434FB095A06296FE00A25D /* droneCore in Frameworks & Libraries */ = {isa = PBXBuildFile; fileRef = B1EDECEA21CF88FEE3310D2B /* droneCore */; };
		D63478CF5C8AA1255F924A80 /* CoreFoundation in Frameworks & Libraries */ = {isa = PBXBuildFile; fileRef = 00A2E0B0FF2FDD89D306209F /* CoreFoundation */; };
/* End PBXBuildFile section */

/* Begin PBXBuildStyle section */
		26DE8D2AEA4B3714B41E931F /* Release */ = {
			isa = PBXBuildStyle;
			buildSettings = {
				COPY_PHASE_STRIP = YES;
				GCC_GENERATE_DEBUGGING_SYMBOLS = NO;
			};
			name = Release;
		};
		2C641C3335766025DD51B7BD /* Debug */ = {
			isa = PBXBuildStyle;
			buildSettings = {
				COPY_PHASE_STRIP = NO;
				GCC_GENERATE_DEBUGGING_SYMBOLS = YES;
				GCC_OPTIMIZATION_LEVEL = 0;
			};
			name = Debug;
		};
/* End PBXBuildStyle section */

/* Begin PBXCopyFilesBuildPhase section */
		F6069D5A5DA8AA28EDB8B3C6 /* Project Copy */ = {
			isa = PBXCopyFilesBuildPhase;
			buildActionMask = 2147483647;
			dstPath = /Users/foogy/devel/drone;
			dstSubfolderSpec = 0;
			files = (
				7E10B76B0968405D00EDE2D4 /* testcore in Project Copy */,
			);
			name = "Project Copy";
			runOnlyForDeploymentPostprocessing = 0;
		};
/* End PBXCopyFilesBuildPhase section */

/* Begin PBXFileReference section */
		00A2E0B0FF2FDD89D306209F /* CoreFoundation */ = {isa = PBXFileReference; lastKnownFileType = "compiled.mach-o.dylib"; name = CoreFoundation; path = /System/Library/Frameworks/CoreFoundation.framework/Versions/A/CoreFoundation; sourceTree = "<absolute>"; };
		713B37E8F3F3C83F371E0668 /* TestGearMaker.h */ = {isa = PBXFileReference; lastKnownFileType = sourcecode.c.h; path = TestGearMaker.h; sourceTree = "<group>"; };
		7E10B7680968405D00EDE2D4 /* testcore */ = {isa = PBXFileReference; explicitFileType = "compiled.mach-o.executable"; includeInIndex = 0; path = testcore; sourceTree = BUILT_PRODUCTS_DIR; };
		8B486B0BE7047F2ED0568164 /* QtTest */ = {isa = PBXFileReference; lastKnownFileType = "compiled.mach-o.dylib"; name = QtTest; path = "/usr/local/Trolltech/Qt-4.1.0/lib/libQtTest.4.1.0.dylib"; sourceTree = "<absolute>"; };
		9934A474451E6A2996737F4D /* TestSchema.h */ = {isa = PBXFileReference; lastKnownFileType = sourcecode.c.h; path = TestSchema.h; sourceTree = "<group>"; };
		99AFBBB6DD1E2BE8BDE9E82F /* testcore.pro */ = {isa = PBXFileReference; lastKnownFileType = text; path = testcore.pro; sourceTree = "<group>"; };
		B1EDECEA21CF88FEE3310D2B /* droneCore */ = {isa = PBXFileReference; lastKnownFileType = "compiled.mach-o.dylib"; name = droneCore; path = ../../../../lib/libdroneCore.dylib; sourceTree = "<group>"; };
		C126A8E323E8FE5110550D75 /* Carbon */ = {isa = PBXFileReference; lastKnownFileType = "compiled.mach-o.dylib"; name = Carbon; path = /System/Library/Frameworks/Carbon.framework/Versions/A/Carbon; sourceTree = "<absolute>"; };
		C6EE79D37847C8EAB0A647CB /* moc_TestSchema.cpp */ = {isa = PBXFileReference; lastKnownFileType = sourcecode.cpp.cpp; path = moc_TestSchema.cpp; sourceTree = "<group>"; };
		D031032514A4E23571B371D9 /* moc_TestGearMaker.cpp */ = {isa = PBXFileReference; lastKnownFileType = sourcecode.cpp.cpp; path = moc_TestGearMaker.cpp; sourceTree = "<group>"; };
		EFAFAB87FB336A12A042C782 /* moc_TestGearInfo.cpp */ = {isa = PBXFileReference; lastKnownFileType = sourcecode.cpp.cpp; path = moc_TestGearInfo.cpp; sourceTree = "<group>"; };
		FB3ADECA9568C2BD0DCAEC69 /* TestGearInfo.h */ = {isa = PBXFileReference; lastKnownFileType = sourcecode.c.h; path = TestGearInfo.h; sourceTree = "<group>"; };
		FFE4A0582AD1DBB47D29288C /* testcore.cpp */ = {isa = PBXFileReference; lastKnownFileType = sourcecode.cpp.cpp; path = testcore.cpp; sourceTree = "<group>"; };
/* End PBXFileReference section */

/* Begin PBXFrameworksBuildPhase section */
		2A1043669E6E5A7426EA502A /* Frameworks & Libraries */ = {
			isa = PBXFrameworksBuildPhase;
			buildActionMask = 2147483647;
			files = (
				B2434FB095A06296FE00A25D /* droneCore in Frameworks & Libraries */,
				D63478CF5C8AA1255F924A80 /* CoreFoundation in Frameworks & Libraries */,
				42240D15D5F696B10049B01F /* Carbon in Frameworks & Libraries */,
				06FDA73BCC0C3FFEBBBDC9AF /* QtTest in Frameworks & Libraries */,
			);
			name = "Frameworks & Libraries";
			runOnlyForDeploymentPostprocessing = 0;
		};
/* End PBXFrameworksBuildPhase section */

/* Begin PBXGroup section */
		05596AB53D8D521C69802C27 /* testcore */ = {
			isa = PBXGroup;
			children = (
				FB61758D0F0FDA4BA867C3D5 /* Sources */,
				46E892BBB6BB6952967E0561 /* Temporary Sources */,
				883D7615C4D2DE3FA1218F12 /* Headers */,
				7CABE3C80E79AD2B307756D2 /* Sources [qmake] */,
				ED1E82605DD74B483AF3C982 /* External Frameworks and Libraries */,
				7E10B7690968405D00EDE2D4 /* Products */,
			);
			name = testcore;
			sourceTree = "<group>";
		};
		46E892BBB6BB6952967E0561 /* Temporary Sources */ = {
			isa = PBXGroup;
			children = (
				D031032514A4E23571B371D9 /* moc_TestGearMaker.cpp */,
				C6EE79D37847C8EAB0A647CB /* moc_TestSchema.cpp */,
				EFAFAB87FB336A12A042C782 /* moc_TestGearInfo.cpp */,
			);
			name = "Temporary Sources";
			sourceTree = "<group>";
		};
		7CABE3C80E79AD2B307756D2 /* Sources [qmake] */ = {
			isa = PBXGroup;
			children = (
				99AFBBB6DD1E2BE8BDE9E82F /* testcore.pro */,
			);
			name = "Sources [qmake]";
			sourceTree = "<group>";
		};
		7E10B7690968405D00EDE2D4 /* Products */ = {
			isa = PBXGroup;
			children = (
				7E10B7680968405D00EDE2D4 /* testcore */,
			);
			name = Products;
			sourceTree = "<group>";
		};
		883D7615C4D2DE3FA1218F12 /* Headers */ = {
			isa = PBXGroup;
			children = (
				713B37E8F3F3C83F371E0668 /* TestGearMaker.h */,
				9934A474451E6A2996737F4D /* TestSchema.h */,
				FB3ADECA9568C2BD0DCAEC69 /* TestGearInfo.h */,
			);
			name = Headers;
			sourceTree = "<group>";
		};
		ED1E82605DD74B483AF3C982 /* External Frameworks and Libraries */ = {
			isa = PBXGroup;
			children = (
				B1EDECEA21CF88FEE3310D2B /* droneCore */,
				00A2E0B0FF2FDD89D306209F /* CoreFoundation */,
				C126A8E323E8FE5110550D75 /* Carbon */,
				8B486B0BE7047F2ED0568164 /* QtTest */,
			);
			name = "External Frameworks and Libraries";
			sourceTree = "<group>";
		};
		FB61758D0F0FDA4BA867C3D5 /* Sources */ = {
			isa = PBXGroup;
			children = (
				FFE4A0582AD1DBB47D29288C /* testcore.cpp */,
			);
			name = Sources;
			sourceTree = "<group>";
		};
/* End PBXGroup section */

/* Begin PBXNativeTarget section */
		B13E426DFA95EE2D028D4E05 /* testcore */ = {
			isa = PBXNativeTarget;
			buildConfigurationList = 7E10B7780968406B00EDE2D4 /* Build configuration list for PBXNativeTarget "testcore" */;
			buildPhases = (
				D7BA7D76DAB5DD13389D6332 /* Qt Qmake */,
				A0A52A2ADF7A1E2A99738674 /* Qt Preprocessors */,
				F6069D5A5DA8AA28EDB8B3C6 /* Project Copy */,
				C29B8785722055ED95EF7B57 /* Build Sources */,
				2A1043669E6E5A7426EA502A /* Frameworks & Libraries */,
			);
			buildRules = (
			);
			buildSettings = {
				BUILD_ROOT = /Users/foogy/devel/drone/src/core/tests/testcore;
				CC = "";
				CPLUSPLUS = "";
				DYLIB_COMPATIBILITY_VERSION = 1.0;
				DYLIB_CURRENT_VERSION = 1.0.0;
				FRAMEWORK_SEARCH_PATHS = "";
				HEADER_SEARCH_PATHS = (
					"/usr/local/Trolltech/Qt-4.1.0/lib/QtCore.framework/Versions/4.0/Headers",
					"/usr/local/Trolltech/Qt-4.1.0/lib/QtGui.framework/Versions/4.0/Headers",
					"/usr/local/Trolltech/Qt-4.1.0/lib/QtXml.framework/Versions/4.0/Headers",
					"/usr/local/Trolltech/Qt-4.1.0/include",
					../contrib/frei0r,
					../..,
					../../types,
					../../../contrib/frei0r/spec,
					"/usr/local/Trolltech/Qt-4.1.0/include/QtTest",
					.,
					/usr/local/include,
					/System/Library/Frameworks/CarbonCore.framework/Headers,
					"/usr/local/Trolltech/Qt-4.1.0/mkspecs/macx-xcode",
				);
				INSTALL_DIR = /Users/foogy/devel/drone/src/core/tests/testcore/../../../../;
				LEXFLAGS = "";
				LIBRARY_SEARCH_PATHS = (
					"/usr/local/Trolltech/Qt-4.1.0/lib",
					../../../../lib,
				);
				OPTIMIZATION_CFLAGS = "";
				OTHER_CFLAGS = (
					"-pipe",
					"-Os",
					"-Wall",
					"-W",
					"-F/usr/local/Trolltech/Qt-4.1.0/lib",
					"-DQT_XML_LIB",
					"-DQT_GUI_LIB",
					"-DQT_CORE_LIB",
				);
				OTHER_CPLUSPLUSFLAGS = (
					"-pipe",
					"-Os",
					"-Wall",
					"-W",
					"-F/usr/local/Trolltech/Qt-4.1.0/lib",
					"-DQT_XML_LIB",
					"-DQT_GUI_LIB",
					"-DQT_CORE_LIB",
				);
				OTHER_LDFLAGS = (
					"-headerpad_max_install_names",
					"-F/usr/local/Trolltech/Qt-4.1.0/lib",
					"-L/usr/local/Trolltech/Qt-4.1.0/lib",
					"-L../../../../lib",
					"-framework",
					QtXml,
					"-framework",
					QtGui,
					"-framework",
					QtCore,
				);
				OTHER_REZFLAGS = "";
				PREBINDING = NO;
				PRODUCT_NAME = testcore;
				SECTORDER_FLAGS = "";
				WARNING_CFLAGS = "";
				YACCFLAGS = "-d";
			};
			dependencies = (
			);
			name = testcore;
			productInstallPath = ../../../../;
			productName = testcore;
			productReference = 7E10B7680968405D00EDE2D4 /* testcore */;
			productType = "com.apple.product-type.tool";
		};
/* End PBXNativeTarget section */

/* Begin PBXProject section */
		91B15E841AA80083484172DE /* Project object */ = {
			isa = PBXProject;
			buildConfigurationList = 2A951308CDB28F104D0A4BD2 /* Build configuration list for PBXProject "testcore" */;
			buildSettings = {
			};
			buildStyles = (
				2C641C3335766025DD51B7BD /* Debug */,
				26DE8D2AEA4B3714B41E931F /* Release */,
			);
			hasScannedForEncodings = 1;
			mainGroup = 05596AB53D8D521C69802C27 /* testcore */;
			productRefGroup = 7E10B7690968405D00EDE2D4 /* Products */;
			projectDirPath = "";
			targets = (
				B13E426DFA95EE2D028D4E05 /* testcore */,
			);
		};
/* End PBXProject section */

/* Begin PBXShellScriptBuildPhase section */
		A0A52A2ADF7A1E2A99738674 /* Qt Preprocessors */ = {
			isa = PBXShellScriptBuildPhase;
			buildActionMask = 2147483647;
			files = (
			);
			name = "Qt Preprocessors";
			runOnlyForDeploymentPostprocessing = 0;
			shellPath = /bin/sh;
			shellScript = "make -C /Users/foogy/devel/drone/src/core/tests/testcore -f testcore.xcodeproj/qt_preprocess.mak";
		};
		D7BA7D76DAB5DD13389D6332 /* Qt Qmake */ = {
			isa = PBXShellScriptBuildPhase;
			buildActionMask = 2147483647;
			files = (
			);
			name = "Qt Qmake";
			runOnlyForDeploymentPostprocessing = 0;
			shellPath = /bin/sh;
			shellScript = "make -C /Users/foogy/devel/drone/src/core/tests/testcore -f testcore.xcodeproj/qt_makeqmake.mak";
		};
/* End PBXShellScriptBuildPhase section */

/* Begin PBXSourcesBuildPhase section */
		C29B8785722055ED95EF7B57 /* Build Sources */ = {
			isa = PBXSourcesBuildPhase;
			buildActionMask = 2147483647;
			files = (
				6B0719CE6C16073ED707BABF /* testcore.cpp in Build Sources */,
				1C6CE0E8F3A084AACC7DC17B /* moc_TestGearMaker.cpp in Build Sources */,
				304CF9C1638BF566D2E824A5 /* moc_TestSchema.cpp in Build Sources */,
				A0D19B91750283ABC18FE226 /* moc_TestGearInfo.cpp in Build Sources */,
			);
			name = "Build Sources";
			runOnlyForDeploymentPostprocessing = 0;
		};
/* End PBXSourcesBuildPhase section */

/* Begin XCBuildConfiguration section */
		7E10B7790968406B00EDE2D4 /* Debug */ = {
			isa = XCBuildConfiguration;
			buildSettings = {
				BUILD_ROOT = /Users/foogy/devel/drone/src/core/tests/testcore;
				CC = "";
				COPY_PHASE_STRIP = NO;
				CPLUSPLUS = "";
				DYLIB_COMPATIBILITY_VERSION = 1.0;
				DYLIB_CURRENT_VERSION = 1.0.0;
				FRAMEWORK_SEARCH_PATHS = "";
				GCC_GENERATE_DEBUGGING_SYMBOLS = YES;
				GCC_OPTIMIZATION_LEVEL = 0;
				HEADER_SEARCH_PATHS = (
					"/usr/local/Trolltech/Qt-4.1.0/lib/QtCore.framework/Versions/4.0/Headers",
					"/usr/local/Trolltech/Qt-4.1.0/lib/QtGui.framework/Versions/4.0/Headers",
					"/usr/local/Trolltech/Qt-4.1.0/lib/QtXml.framework/Versions/4.0/Headers",
					"/usr/local/Trolltech/Qt-4.1.0/include",
					../contrib/frei0r,
					../..,
					../../types,
					../../../contrib/frei0r/spec,
					"/usr/local/Trolltech/Qt-4.1.0/include/QtTest",
					.,
					/usr/local/include,
					/System/Library/Frameworks/CarbonCore.framework/Headers,
					"/usr/local/Trolltech/Qt-4.1.0/mkspecs/macx-xcode",
				);
				INSTALL_DIR = /Users/foogy/devel/drone/src/core/tests/testcore/../../../../;
				LEXFLAGS = "";
				LIBRARY_SEARCH_PATHS = (
					"/usr/local/Trolltech/Qt-4.1.0/lib",
					../../../../lib,
				);
				OTHER_CFLAGS = (
					"-pipe",
					"-Os",
					"-Wall",
					"-W",
					"-F/usr/local/Trolltech/Qt-4.1.0/lib",
					"-DQT_XML_LIB",
					"-DQT_GUI_LIB",
					"-DQT_CORE_LIB",
				);
				OTHER_CPLUSPLUSFLAGS = (
					"-pipe",
					"-Os",
					"-Wall",
					"-W",
					"-F/usr/local/Trolltech/Qt-4.1.0/lib",
					"-DQT_XML_LIB",
					"-DQT_GUI_LIB",
					"-DQT_CORE_LIB",
				);
				OTHER_LDFLAGS = (
					"-headerpad_max_install_names",
					"-F/usr/local/Trolltech/Qt-4.1.0/lib",
					"-L/usr/local/Trolltech/Qt-4.1.0/lib",
					"-L../../../../lib",
					"-framework",
					QtXml,
					"-framework",
					QtGui,
					"-framework",
					QtCore,
				);
				OTHER_REZFLAGS = "";
				PREBINDING = NO;
				PRODUCT_NAME = testcore;
				SECTORDER_FLAGS = "";
				WARNING_CFLAGS = "";
				YACCFLAGS = "-d";
			};
			name = Debug;
		};
		7E10B77A0968406B00EDE2D4 /* Release */ = {
			isa = XCBuildConfiguration;
			buildSettings = {
				BUILD_ROOT = /Users/foogy/devel/drone/src/core/tests/testcore;
				CC = "";
				COPY_PHASE_STRIP = YES;
				CPLUSPLUS = "";
				DYLIB_COMPATIBILITY_VERSION = 1.0;
				DYLIB_CURRENT_VERSION = 1.0.0;
				FRAMEWORK_SEARCH_PATHS = "";
				GCC_GENERATE_DEBUGGING_SYMBOLS = NO;
				HEADER_SEARCH_PATHS = (
					"/usr/local/Trolltech/Qt-4.1.0/lib/QtCore.framework/Versions/4.0/Headers",
					"/usr/local/Trolltech/Qt-4.1.0/lib/QtGui.framework/Versions/4.0/Headers",
					"/usr/local/Trolltech/Qt-4.1.0/lib/QtXml.framework/Versions/4.0/Headers",
					"/usr/local/Trolltech/Qt-4.1.0/include",
					../contrib/frei0r,
					../..,
					../../types,
					../../../contrib/frei0r/spec,
					"/usr/local/Trolltech/Qt-4.1.0/include/QtTest",
					.,
					/usr/local/include,
					/System/Library/Frameworks/CarbonCore.framework/Headers,
					"/usr/local/Trolltech/Qt-4.1.0/mkspecs/macx-xcode",
				);
				INSTALL_DIR = /Users/foogy/devel/drone/src/core/tests/testcore/../../../../;
				LEXFLAGS = "";
				LIBRARY_SEARCH_PATHS = (
					"/usr/local/Trolltech/Qt-4.1.0/lib",
					../../../../lib,
				);
				OTHER_CFLAGS = (
					"-pipe",
					"-Os",
					"-Wall",
					"-W",
					"-F/usr/local/Trolltech/Qt-4.1.0/lib",
					"-DQT_XML_LIB",
					"-DQT_GUI_LIB",
					"-DQT_CORE_LIB",
				);
				OTHER_CPLUSPLUSFLAGS = (
					"-pipe",
					"-Os",
					"-Wall",
					"-W",
					"-F/usr/local/Trolltech/Qt-4.1.0/lib",
					"-DQT_XML_LIB",
					"-DQT_GUI_LIB",
					"-DQT_CORE_LIB",
				);
				OTHER_LDFLAGS = (
					"-headerpad_max_install_names",
					"-F/usr/local/Trolltech/Qt-4.1.0/lib",
					"-L/usr/local/Trolltech/Qt-4.1.0/lib",
					"-L../../../../lib",
					"-framework",
					QtXml,
					"-framework",
					QtGui,
					"-framework",
					QtCore,
				);
				OTHER_REZFLAGS = "";
				PREBINDING = NO;
				PRODUCT_NAME = testcore;
				SECTORDER_FLAGS = "";
				WARNING_CFLAGS = "";
				YACCFLAGS = "-d";
			};
			name = Release;
		};
		7E10B77B0968406B00EDE2D4 /* Default */ = {
			isa = XCBuildConfiguration;
			buildSettings = {
				BUILD_ROOT = /Users/foogy/devel/drone/src/core/tests/testcore;
				CC = "";
				CPLUSPLUS = "";
				DYLIB_COMPATIBILITY_VERSION = 1.0;
				DYLIB_CURRENT_VERSION = 1.0.0;
				FRAMEWORK_SEARCH_PATHS = "";
				HEADER_SEARCH_PATHS = (
					"/usr/local/Trolltech/Qt-4.1.0/lib/QtCore.framework/Versions/4.0/Headers",
					"/usr/local/Trolltech/Qt-4.1.0/lib/QtGui.framework/Versions/4.0/Headers",
					"/usr/local/Trolltech/Qt-4.1.0/lib/QtXml.framework/Versions/4.0/Headers",
					"/usr/local/Trolltech/Qt-4.1.0/include",
					../contrib/frei0r,
					../..,
					../../types,
					../../../contrib/frei0r/spec,
					"/usr/local/Trolltech/Qt-4.1.0/include/QtTest",
					.,
					/usr/local/include,
					/System/Library/Frameworks/CarbonCore.framework/Headers,
					"/usr/local/Trolltech/Qt-4.1.0/mkspecs/macx-xcode",
				);
				INSTALL_DIR = /Users/foogy/devel/drone/src/core/tests/testcore/../../../../;
				LEXFLAGS = "";
				LIBRARY_SEARCH_PATHS = (
					"/usr/local/Trolltech/Qt-4.1.0/lib",
					../../../../lib,
				);
				OTHER_CFLAGS = (
					"-pipe",
					"-Os",
					"-Wall",
					"-W",
					"-F/usr/local/Trolltech/Qt-4.1.0/lib",
					"-DQT_XML_LIB",
					"-DQT_GUI_LIB",
					"-DQT_CORE_LIB",
				);
				OTHER_CPLUSPLUSFLAGS = (
					"-pipe",
					"-Os",
					"-Wall",
					"-W",
					"-F/usr/local/Trolltech/Qt-4.1.0/lib",
					"-DQT_XML_LIB",
					"-DQT_GUI_LIB",
					"-DQT_CORE_LIB",
				);
				OTHER_LDFLAGS = (
					"-headerpad_max_install_names",
					"-F/usr/local/Trolltech/Qt-4.1.0/lib",
					"-L/usr/local/Trolltech/Qt-4.1.0/lib",
					"-L../../../../lib",
					"-framework",
					QtXml,
					"-framework",
					QtGui,
					"-framework",
					QtCore,
				);
				OTHER_REZFLAGS = "";
				PREBINDING = NO;
				PRODUCT_NAME = testcore;
				SECTORDER_FLAGS = "";
				WARNING_CFLAGS = "";
				YACCFLAGS = "-d";
			};
			name = Default;
		};
		8DB1DD96F65B1BF1FFC506E0 /* Debug */ = {
			isa = XCBuildConfiguration;
			buildSettings = {
				COPY_PHASE_STRIP = NO;
				GCC_GENERATE_DEBUGGING_SYMBOLS = YES;
				GCC_OPTIMIZATION_LEVEL = 0;
			};
			name = Debug;
		};
		95E1EB2E5DDD587BE5B3E548 /* Release */ = {
			isa = XCBuildConfiguration;
			buildSettings = {
				COPY_PHASE_STRIP = YES;
				GCC_GENERATE_DEBUGGING_SYMBOLS = NO;
			};
			name = Release;
		};
/* End XCBuildConfiguration section */

/* Begin XCConfigurationList section */
		2A951308CDB28F104D0A4BD2 /* Build configuration list for PBXProject "testcore" */ = {
			isa = XCConfigurationList;
			buildConfigurations = (
				8DB1DD96F65B1BF1FFC506E0 /* Debug */,
				95E1EB2E5DDD587BE5B3E548 /* Release */,
			);
			defaultConfigurationIsVisible = 0;
			defaultConfigurationName = Release;
		};
		7E10B7780968406B00EDE2D4 /* Build configuration list for PBXNativeTarget "testcore" */ = {
			isa = XCConfigurationList;
			buildConfigurations = (
				7E10B7790968406B00EDE2D4 /* Debug */,
				7E10B77A0968406B00EDE2D4 /* Release */,
				7E10B77B0968406B00EDE2D4 /* Default */,
			);
			defaultConfigurationIsVisible = 0;
			defaultConfigurationName = Default;
		};
/* End XCConfigurationList section */
	};
	rootObject = 91B15E841AA80083484172DE /* Project object */;
}
