// !$*UTF8*$!
{
	archiveVersion = 1;
	classes = {
	};
	objectVersion = 46;
	objects = {

/* Begin PBXContainerItemProxy section */
		7EF65BCE167E75D4005DC21E /* PBXContainerItemProxy */ = {
			isa = PBXContainerItemProxy;
			containerPortal = 7ECC7859167E753F00607679 /* Project object */;
			proxyType = 1;
			remoteGlobalIDString = 7EF65BCA167E75BD005DC21E;
			remoteInfo = qmake;
		};
/* End PBXContainerItemProxy section */

/* Begin PBXFileReference section */
		7E06A095167E801100BC7AF0 /* config.pro */ = {isa = PBXFileReference; fileEncoding = 4; lastKnownFileType = text; path = config.pro; sourceTree = "<group>"; };
		7E06A096167E801100BC7AF0 /* drone.pro */ = {isa = PBXFileReference; fileEncoding = 4; lastKnownFileType = text; path = drone.pro; sourceTree = "<group>"; };
		7E06A097167E811B00BC7AF0 /* src */ = {isa = PBXFileReference; lastKnownFileType = folder; path = src; sourceTree = "<group>"; };
/* End PBXFileReference section */

/* Begin PBXGroup section */
		7ECC7858167E753F00607679 = {
			isa = PBXGroup;
			children = (
				7E06A097167E811B00BC7AF0 /* src */,
				7E06A095167E801100BC7AF0 /* config.pro */,
				7E06A096167E801100BC7AF0 /* drone.pro */,
			);
			sourceTree = "<group>";
		};
/* End PBXGroup section */

/* Begin PBXLegacyTarget section */
		7EF65BC6167E7581005DC21E /* drone */ = {
			isa = PBXLegacyTarget;
			buildArgumentsString = "$(ACTION)";
			buildConfigurationList = 7EF65BC9167E7581005DC21E /* Build configuration list for PBXLegacyTarget "drone" */;
			buildPhases = (
			);
			buildToolPath = /usr/bin/make;
			buildWorkingDirectory = "";
			dependencies = (
				7EF65BCF167E75D4005DC21E /* PBXTargetDependency */,
			);
			name = drone;
			passBuildSettingsInEnvironment = 0;
			productName = drone;
		};
		7EF65BCA167E75BD005DC21E /* qmake */ = {
			isa = PBXLegacyTarget;
			buildArgumentsString = "-spec macx-llvm";
			buildConfigurationList = 7EF65BCB167E75BD005DC21E /* Build configuration list for PBXLegacyTarget "qmake" */;
			buildPhases = (
			);
			buildToolPath = /usr/bin/qmake;
			buildWorkingDirectory = "";
			dependencies = (
			);
			name = qmake;
			passBuildSettingsInEnvironment = 0;
			productName = qmake;
		};
/* End PBXLegacyTarget section */

/* Begin PBXProject section */
		7ECC7859167E753F00607679 /* Project object */ = {
			isa = PBXProject;
			attributes = {
				LastUpgradeCheck = 0460;
				ORGANIZATIONNAME = drone;
			};
			buildConfigurationList = 7ECC785C167E753F00607679 /* Build configuration list for PBXProject "drone" */;
			compatibilityVersion = "Xcode 3.2";
			developmentRegion = English;
			hasScannedForEncodings = 0;
			knownRegions = (
				en,
			);
			mainGroup = 7ECC7858167E753F00607679;
			productRefGroup = 7ECC7858167E753F00607679;
			projectDirPath = "";
			projectRoot = "";
			targets = (
				7EF65BC6167E7581005DC21E /* drone */,
				7EF65BCA167E75BD005DC21E /* qmake */,
			);
		};
/* End PBXProject section */

/* Begin PBXTargetDependency section */
		7EF65BCF167E75D4005DC21E /* PBXTargetDependency */ = {
			isa = PBXTargetDependency;
			target = 7EF65BCA167E75BD005DC21E /* qmake */;
			targetProxy = 7EF65BCE167E75D4005DC21E /* PBXContainerItemProxy */;
		};
/* End PBXTargetDependency section */

/* Begin XCBuildConfiguration section */
		7ECC7868167E753F00607679 /* Debug */ = {
			isa = XCBuildConfiguration;
			buildSettings = {
				ALWAYS_SEARCH_USER_PATHS = NO;
				ARCHS = "$(ARCHS_STANDARD_64_BIT)";
				CLANG_CXX_LANGUAGE_STANDARD = "gnu++0x";
				CLANG_CXX_LIBRARY = "libc++";
				CLANG_WARN_CONSTANT_CONVERSION = YES;
				CLANG_WARN_EMPTY_BODY = YES;
				CLANG_WARN_ENUM_CONVERSION = YES;
				CLANG_WARN_INT_CONVERSION = YES;
				CLANG_WARN__DUPLICATE_METHOD_MATCH = YES;
				COPY_PHASE_STRIP = NO;
				GCC_C_LANGUAGE_STANDARD = gnu99;
				GCC_DYNAMIC_NO_PIC = NO;
				GCC_ENABLE_OBJC_EXCEPTIONS = YES;
				GCC_OPTIMIZATION_LEVEL = 0;
				GCC_PREPROCESSOR_DEFINITIONS = (
					"DEBUG=1",
					"$(inherited)",
				);
				GCC_SYMBOLS_PRIVATE_EXTERN = NO;
				GCC_WARN_64_TO_32_BIT_CONVERSION = YES;
				GCC_WARN_ABOUT_RETURN_TYPE = YES;
				GCC_WARN_UNINITIALIZED_AUTOS = YES;
				GCC_WARN_UNUSED_VARIABLE = YES;
				MACOSX_DEPLOYMENT_TARGET = 10.8;
				ONLY_ACTIVE_ARCH = YES;
				SDKROOT = macosx;
			};
			name = Debug;
		};
		7ECC7869167E753F00607679 /* Release */ = {
			isa = XCBuildConfiguration;
			buildSettings = {
				ALWAYS_SEARCH_USER_PATHS = NO;
				ARCHS = "$(ARCHS_STANDARD_64_BIT)";
				CLANG_CXX_LANGUAGE_STANDARD = "gnu++0x";
				CLANG_CXX_LIBRARY = "libc++";
				CLANG_WARN_CONSTANT_CONVERSION = YES;
				CLANG_WARN_EMPTY_BODY = YES;
				CLANG_WARN_ENUM_CONVERSION = YES;
				CLANG_WARN_INT_CONVERSION = YES;
				CLANG_WARN__DUPLICATE_METHOD_MATCH = YES;
				COPY_PHASE_STRIP = YES;
				DEBUG_INFORMATION_FORMAT = "dwarf-with-dsym";
				GCC_C_LANGUAGE_STANDARD = gnu99;
				GCC_ENABLE_OBJC_EXCEPTIONS = YES;
				GCC_WARN_64_TO_32_BIT_CONVERSION = YES;
				GCC_WARN_ABOUT_RETURN_TYPE = YES;
				GCC_WARN_UNINITIALIZED_AUTOS = YES;
				GCC_WARN_UNUSED_VARIABLE = YES;
				MACOSX_DEPLOYMENT_TARGET = 10.8;
				SDKROOT = macosx;
			};
			name = Release;
		};
		7EF65BC7167E7581005DC21E /* Debug */ = {
			isa = XCBuildConfiguration;
			buildSettings = {
				DEBUGGING_SYMBOLS = YES;
				GCC_GENERATE_DEBUGGING_SYMBOLS = YES;
				GCC_OPTIMIZATION_LEVEL = 0;
				OTHER_CFLAGS = "";
				OTHER_LDFLAGS = "";
				PRODUCT_NAME = "$(TARGET_NAME)";
			};
			name = Debug;
		};
		7EF65BC8167E7581005DC21E /* Release */ = {
			isa = XCBuildConfiguration;
			buildSettings = {
				OTHER_CFLAGS = "";
				OTHER_LDFLAGS = "";
				PRODUCT_NAME = "$(TARGET_NAME)";
			};
			name = Release;
		};
		7EF65BCC167E75BD005DC21E /* Debug */ = {
			isa = XCBuildConfiguration;
			buildSettings = {
				DEBUGGING_SYMBOLS = YES;
				GCC_GENERATE_DEBUGGING_SYMBOLS = YES;
				GCC_OPTIMIZATION_LEVEL = 0;
				OTHER_CFLAGS = "";
				OTHER_LDFLAGS = "";
				PRODUCT_NAME = "$(TARGET_NAME)";
			};
			name = Debug;
		};
		7EF65BCD167E75BD005DC21E /* Release */ = {
			isa = XCBuildConfiguration;
			buildSettings = {
				OTHER_CFLAGS = "";
				OTHER_LDFLAGS = "";
				PRODUCT_NAME = "$(TARGET_NAME)";
			};
			name = Release;
		};
/* End XCBuildConfiguration section */

/* Begin XCConfigurationList section */
		7ECC785C167E753F00607679 /* Build configuration list for PBXProject "drone" */ = {
			isa = XCConfigurationList;
			buildConfigurations = (
				7ECC7868167E753F00607679 /* Debug */,
				7ECC7869167E753F00607679 /* Release */,
			);
			defaultConfigurationIsVisible = 0;
			defaultConfigurationName = Release;
		};
		7EF65BC9167E7581005DC21E /* Build configuration list for PBXLegacyTarget "drone" */ = {
			isa = XCConfigurationList;
			buildConfigurations = (
				7EF65BC7167E7581005DC21E /* Debug */,
				7EF65BC8167E7581005DC21E /* Release */,
			);
			defaultConfigurationIsVisible = 0;
			defaultConfigurationName = Release;
		};
		7EF65BCB167E75BD005DC21E /* Build configuration list for PBXLegacyTarget "qmake" */ = {
			isa = XCConfigurationList;
			buildConfigurations = (
				7EF65BCC167E75BD005DC21E /* Debug */,
				7EF65BCD167E75BD005DC21E /* Release */,
			);
			defaultConfigurationIsVisible = 0;
			defaultConfigurationName = Release;
		};
/* End XCConfigurationList section */
	};
	rootObject = 7ECC7859167E753F00607679 /* Project object */;
}
